
Microsoft Visual Studio Solution File, Format Version 12.00
# Visual Studio Version 17
VisualStudioVersion = 17.8.34511.84
MinimumVisualStudioVersion = 10.0.40219.1
Project("{9A19103F-16F7-4668-BE54-9A1E7A4F7556}") = "LabWebapps", "LabWebapps.csproj", "{D77CE0EC-63BB-4447-9718-BA76EE991771}"
EndProject
Project("{FAE04EC0-301F-11D3-BF4B-00C04F79EFBC}") = "LabWebApp.Tests", "..\LabWebApp.Tests\LabWebApp.Tests.csproj", "{55961DD8-E312-447C-977D-08FF8FF84201}"
EndProject
Global
	GlobalSection(SolutionConfigurationPlatforms) = preSolution
		Debug|Any CPU = Debug|Any CPU
		Release|Any CPU = Release|Any CPU
	EndGlobalSection
	GlobalSection(ProjectConfigurationPlatforms) = postSolution
		{D77CE0EC-63BB-4447-9718-BA76EE991771}.Debug|Any CPU.ActiveCfg = Debug|Any CPU
		{D77CE0EC-63BB-4447-9718-BA76EE991771}.Debug|Any CPU.Build.0 = Debug|Any CPU
		{D77CE0EC-63BB-4447-9718-BA76EE991771}.Release|Any CPU.ActiveCfg = Release|Any CPU
		{D77CE0EC-63BB-4447-9718-BA76EE991771}.Release|Any CPU.Build.0 = Release|Any CPU
		{55961DD8-E312-447C-977D-08FF8FF84201}.Debug|Any CPU.ActiveCfg = Debug|Any CPU
		{55961DD8-E312-447C-977D-08FF8FF84201}.Debug|Any CPU.Build.0 = Debug|Any CPU
		{55961DD8-E312-447C-977D-08FF8FF84201}.Release|Any CPU.ActiveCfg = Release|Any CPU
		{55961DD8-E312-447C-977D-08FF8FF84201}.Release|Any CPU.Build.0 = Release|Any CPU
	EndGlobalSection
	GlobalSection(SolutionProperties) = preSolution
		HideSolutionNode = FALSE
	EndGlobalSection
	GlobalSection(ExtensibilityGlobals) = postSolution
		SolutionGuid = {FB425C82-A5B5-432C-9D69-8CE9580904BD}
	EndGlobalSection
EndGlobal
